
Microsoft Visual Studio Solution File, Format Version 12.00
# Visual Studio Version 16
VisualStudioVersion = 16.0.28803.156
MinimumVisualStudioVersion = 10.0.40219.1
Project("{FAE04EC0-301F-11D3-BF4B-00C04F79EFBC}") = "DownhillPayClient", "DownhillPayClient\DownhillPayClient.csproj", "{1295A641-6325-4804-B98B-42F6D2F7AAF8}"
EndProject
Project("{FAE04EC0-301F-11D3-BF4B-00C04F79EFBC}") = "TestConsoleApp", "TestConsoleApp\TestConsoleApp.csproj", "{56D9E9D8-3980-4932-A2C7-AAB2235D9335}"
EndProject
Project("{FAE04EC0-301F-11D3-BF4B-00C04F79EFBC}") = "ArduinoRFIDReader", "ArduinoRFIDReader\ArduinoRFIDReader.csproj", "{8E543A59-6F84-46F2-A533-9C5B0B07E5E1}"
EndProject
Project("{FAE04EC0-301F-11D3-BF4B-00C04F79EFBC}") = "APIClient", "APIClient\APIClient.csproj", "{2611310B-4EAE-4BE9-A705-E43E55DB21A6}"
EndProject
Project("{FAE04EC0-301F-11D3-BF4B-00C04F79EFBC}") = "DownhillPayClientTests", "DownhillPayClientTests\DownhillPayClientTests.csproj", "{348C4BC5-2B36-4A6E-98C4-EE42074092E2}"
EndProject
Global
	GlobalSection(SolutionConfigurationPlatforms) = preSolution
		Debug|Any CPU = Debug|Any CPU
		Debug|x64 = Debug|x64
		Debug|x86 = Debug|x86
		Release|Any CPU = Release|Any CPU
		Release|x64 = Release|x64
		Release|x86 = Release|x86
	EndGlobalSection
	GlobalSection(ProjectConfigurationPlatforms) = postSolution
		{1295A641-6325-4804-B98B-42F6D2F7AAF8}.Debug|Any CPU.ActiveCfg = Debug|Any CPU
		{1295A641-6325-4804-B98B-42F6D2F7AAF8}.Debug|Any CPU.Build.0 = Debug|Any CPU
		{1295A641-6325-4804-B98B-42F6D2F7AAF8}.Debug|x64.ActiveCfg = Debug|Any CPU
		{1295A641-6325-4804-B98B-42F6D2F7AAF8}.Debug|x64.Build.0 = Debug|Any CPU
		{1295A641-6325-4804-B98B-42F6D2F7AAF8}.Debug|x86.ActiveCfg = Debug|Any CPU
		{1295A641-6325-4804-B98B-42F6D2F7AAF8}.Debug|x86.Build.0 = Debug|Any CPU
		{1295A641-6325-4804-B98B-42F6D2F7AAF8}.Release|Any CPU.ActiveCfg = Release|Any CPU
		{1295A641-6325-4804-B98B-42F6D2F7AAF8}.Release|Any CPU.Build.0 = Release|Any CPU
		{1295A641-6325-4804-B98B-42F6D2F7AAF8}.Release|x64.ActiveCfg = Release|Any CPU
		{1295A641-6325-4804-B98B-42F6D2F7AAF8}.Release|x64.Build.0 = Release|Any CPU
		{1295A641-6325-4804-B98B-42F6D2F7AAF8}.Release|x86.ActiveCfg = Release|Any CPU
		{1295A641-6325-4804-B98B-42F6D2F7AAF8}.Release|x86.Build.0 = Release|Any CPU
		{56D9E9D8-3980-4932-A2C7-AAB2235D9335}.Debug|Any CPU.ActiveCfg = Debug|Any CPU
		{56D9E9D8-3980-4932-A2C7-AAB2235D9335}.Debug|Any CPU.Build.0 = Debug|Any CPU
		{56D9E9D8-3980-4932-A2C7-AAB2235D9335}.Debug|x64.ActiveCfg = Debug|Any CPU
		{56D9E9D8-3980-4932-A2C7-AAB2235D9335}.Debug|x64.Build.0 = Debug|Any CPU
		{56D9E9D8-3980-4932-A2C7-AAB2235D9335}.Debug|x86.ActiveCfg = Debug|Any CPU
		{56D9E9D8-3980-4932-A2C7-AAB2235D9335}.Debug|x86.Build.0 = Debug|Any CPU
		{56D9E9D8-3980-4932-A2C7-AAB2235D9335}.Release|Any CPU.ActiveCfg = Release|Any CPU
		{56D9E9D8-3980-4932-A2C7-AAB2235D9335}.Release|Any CPU.Build.0 = Release|Any CPU
		{56D9E9D8-3980-4932-A2C7-AAB2235D9335}.Release|x64.ActiveCfg = Release|Any CPU
		{56D9E9D8-3980-4932-A2C7-AAB2235D9335}.Release|x64.Build.0 = Release|Any CPU
		{56D9E9D8-3980-4932-A2C7-AAB2235D9335}.Release|x86.ActiveCfg = Release|Any CPU
		{56D9E9D8-3980-4932-A2C7-AAB2235D9335}.Release|x86.Build.0 = Release|Any CPU
		{8E543A59-6F84-46F2-A533-9C5B0B07E5E1}.Debug|Any CPU.ActiveCfg = Debug|Any CPU
		{8E543A59-6F84-46F2-A533-9C5B0B07E5E1}.Debug|Any CPU.Build.0 = Debug|Any CPU
		{8E543A59-6F84-46F2-A533-9C5B0B07E5E1}.Debug|x64.ActiveCfg = Debug|Any CPU
		{8E543A59-6F84-46F2-A533-9C5B0B07E5E1}.Debug|x64.Build.0 = Debug|Any CPU
		{8E543A59-6F84-46F2-A533-9C5B0B07E5E1}.Debug|x86.ActiveCfg = Debug|Any CPU
		{8E543A59-6F84-46F2-A533-9C5B0B07E5E1}.Debug|x86.Build.0 = Debug|Any CPU
		{8E543A59-6F84-46F2-A533-9C5B0B07E5E1}.Release|Any CPU.ActiveCfg = Release|Any CPU
		{8E543A59-6F84-46F2-A533-9C5B0B07E5E1}.Release|Any CPU.Build.0 = Release|Any CPU
		{8E543A59-6F84-46F2-A533-9C5B0B07E5E1}.Release|x64.ActiveCfg = Release|Any CPU
		{8E543A59-6F84-46F2-A533-9C5B0B07E5E1}.Release|x64.Build.0 = Release|Any CPU
		{8E543A59-6F84-46F2-A533-9C5B0B07E5E1}.Release|x86.ActiveCfg = Release|Any CPU
		{8E543A59-6F84-46F2-A533-9C5B0B07E5E1}.Release|x86.Build.0 = Release|Any CPU
		{2611310B-4EAE-4BE9-A705-E43E55DB21A6}.Debug|Any CPU.ActiveCfg = Debug|Any CPU
		{2611310B-4EAE-4BE9-A705-E43E55DB21A6}.Debug|Any CPU.Build.0 = Debug|Any CPU
		{2611310B-4EAE-4BE9-A705-E43E55DB21A6}.Debug|x64.ActiveCfg = Debug|Any CPU
		{2611310B-4EAE-4BE9-A705-E43E55DB21A6}.Debug|x64.Build.0 = Debug|Any CPU
		{2611310B-4EAE-4BE9-A705-E43E55DB21A6}.Debug|x86.ActiveCfg = Debug|Any CPU
		{2611310B-4EAE-4BE9-A705-E43E55DB21A6}.Debug|x86.Build.0 = Debug|Any CPU
		{2611310B-4EAE-4BE9-A705-E43E55DB21A6}.Release|Any CPU.ActiveCfg = Release|Any CPU
		{2611310B-4EAE-4BE9-A705-E43E55DB21A6}.Release|Any CPU.Build.0 = Release|Any CPU
		{2611310B-4EAE-4BE9-A705-E43E55DB21A6}.Release|x64.ActiveCfg = Release|Any CPU
		{2611310B-4EAE-4BE9-A705-E43E55DB21A6}.Release|x64.Build.0 = Release|Any CPU
		{2611310B-4EAE-4BE9-A705-E43E55DB21A6}.Release|x86.ActiveCfg = Release|Any CPU
		{2611310B-4EAE-4BE9-A705-E43E55DB21A6}.Release|x86.Build.0 = Release|Any CPU
		{348C4BC5-2B36-4A6E-98C4-EE42074092E2}.Debug|Any CPU.ActiveCfg = Debug|Any CPU
		{348C4BC5-2B36-4A6E-98C4-EE42074092E2}.Debug|Any CPU.Build.0 = Debug|Any CPU
		{348C4BC5-2B36-4A6E-98C4-EE42074092E2}.Debug|x64.ActiveCfg = Debug|Any CPU
		{348C4BC5-2B36-4A6E-98C4-EE42074092E2}.Debug|x64.Build.0 = Debug|Any CPU
		{348C4BC5-2B36-4A6E-98C4-EE42074092E2}.Debug|x86.ActiveCfg = Debug|Any CPU
		{348C4BC5-2B36-4A6E-98C4-EE42074092E2}.Debug|x86.Build.0 = Debug|Any CPU
		{348C4BC5-2B36-4A6E-98C4-EE42074092E2}.Release|Any CPU.ActiveCfg = Release|Any CPU
		{348C4BC5-2B36-4A6E-98C4-EE42074092E2}.Release|Any CPU.Build.0 = Release|Any CPU
		{348C4BC5-2B36-4A6E-98C4-EE42074092E2}.Release|x64.ActiveCfg = Release|Any CPU
		{348C4BC5-2B36-4A6E-98C4-EE42074092E2}.Release|x64.Build.0 = Release|Any CPU
		{348C4BC5-2B36-4A6E-98C4-EE42074092E2}.Release|x86.ActiveCfg = Release|Any CPU
		{348C4BC5-2B36-4A6E-98C4-EE42074092E2}.Release|x86.Build.0 = Release|Any CPU
	EndGlobalSection
	GlobalSection(SolutionProperties) = preSolution
		HideSolutionNode = FALSE
	EndGlobalSection
	GlobalSection(ExtensibilityGlobals) = postSolution
		SolutionGuid = {169A4EFA-EFEA-48EE-BA96-3A16C797231D}
	EndGlobalSection
EndGlobal
