
Microsoft Visual Studio Solution File, Format Version 12.00
# Visual Studio 15
VisualStudioVersion = 15.0.28307.438
MinimumVisualStudioVersion = 10.0.40219.1
Project("{FAE04EC0-301F-11D3-BF4B-00C04F79EFBC}") = "DownhillPayClient", "DownhillPayClient\DownhillPayClient.csproj", "{1295A641-6325-4804-B98B-42F6D2F7AAF8}"
EndProject
Global
	GlobalSection(SolutionConfigurationPlatforms) = preSolution
		Debug|Any CPU = Debug|Any CPU
		Release|Any CPU = Release|Any CPU
	EndGlobalSection
	GlobalSection(ProjectConfigurationPlatforms) = postSolution
		{1295A641-6325-4804-B98B-42F6D2F7AAF8}.Debug|Any CPU.ActiveCfg = Debug|Any CPU
		{1295A641-6325-4804-B98B-42F6D2F7AAF8}.Debug|Any CPU.Build.0 = Debug|Any CPU
		{1295A641-6325-4804-B98B-42F6D2F7AAF8}.Release|Any CPU.ActiveCfg = Release|Any CPU
		{1295A641-6325-4804-B98B-42F6D2F7AAF8}.Release|Any CPU.Build.0 = Release|Any CPU
	EndGlobalSection
	GlobalSection(SolutionProperties) = preSolution
		HideSolutionNode = FALSE
	EndGlobalSection
	GlobalSection(ExtensibilityGlobals) = postSolution
		SolutionGuid = {169A4EFA-EFEA-48EE-BA96-3A16C797231D}
	EndGlobalSection
EndGlobal
